
Microsoft Visual Studio Solution File, Format Version 12.00
# Visual Studio Version 17
VisualStudioVersion = 17.4.33205.214
MinimumVisualStudioVersion = 10.0.40219.1
Project("{9A19103F-16F7-4668-BE54-9A1E7A4F7556}") = "ROYALS_HOTEL", "ASPMVC\ROYALS_HOTEL.csproj", "{B9502154-F26B-458B-A6E8-912979FCAE25}"
EndProject
Global
	GlobalSection(SolutionConfigurationPlatforms) = preSolution
		Debug|Any CPU = Debug|Any CPU
		Release|Any CPU = Release|Any CPU
	EndGlobalSection
	GlobalSection(ProjectConfigurationPlatforms) = postSolution
		{B9502154-F26B-458B-A6E8-912979FCAE25}.Debug|Any CPU.ActiveCfg = Debug|Any CPU
		{B9502154-F26B-458B-A6E8-912979FCAE25}.Debug|Any CPU.Build.0 = Debug|Any CPU
		{B9502154-F26B-458B-A6E8-912979FCAE25}.Release|Any CPU.ActiveCfg = Release|Any CPU
		{B9502154-F26B-458B-A6E8-912979FCAE25}.Release|Any CPU.Build.0 = Release|Any CPU
	EndGlobalSection
	GlobalSection(SolutionProperties) = preSolution
		HideSolutionNode = FALSE
	EndGlobalSection
	GlobalSection(ExtensibilityGlobals) = postSolution
		SolutionGuid = {90B1C896-0E48-45AA-B91B-2311463F0B65}
	EndGlobalSection
EndGlobal
